
Microsoft Visual Studio Solution File, Format Version 11.00
# Visual Studio 2010
Project("{FAE04EC0-301F-11D3-BF4B-00C04F79EFBC}") = "SharePointPlayground", "SharePointPlayground\SharePointPlayground.csproj", "{3FA09560-E4F7-4EA3-9E20-21C711BCDF68}"
EndProject
Project("{FAE04EC0-301F-11D3-BF4B-00C04F79EFBC}") = "SharePointPlaygroundTests", "SharePointPlaygroundTests\SharePointPlaygroundTests.csproj", "{DE82E285-3DD3-45C9-B646-337B3AD045EF}"
EndProject
Global
	GlobalSection(SolutionConfigurationPlatforms) = preSolution
		Debug|Any CPU = Debug|Any CPU
		Debug|Mixed Platforms = Debug|Mixed Platforms
		Debug|x86 = Debug|x86
		Release|Any CPU = Release|Any CPU
		Release|Mixed Platforms = Release|Mixed Platforms
		Release|x86 = Release|x86
	EndGlobalSection
	GlobalSection(ProjectConfigurationPlatforms) = postSolution
		{3FA09560-E4F7-4EA3-9E20-21C711BCDF68}.Debug|Any CPU.ActiveCfg = Debug|Any CPU
		{3FA09560-E4F7-4EA3-9E20-21C711BCDF68}.Debug|Any CPU.Build.0 = Debug|Any CPU
		{3FA09560-E4F7-4EA3-9E20-21C711BCDF68}.Debug|Any CPU.Deploy.0 = Debug|Any CPU
		{3FA09560-E4F7-4EA3-9E20-21C711BCDF68}.Debug|Mixed Platforms.ActiveCfg = Debug|Any CPU
		{3FA09560-E4F7-4EA3-9E20-21C711BCDF68}.Debug|Mixed Platforms.Build.0 = Debug|Any CPU
		{3FA09560-E4F7-4EA3-9E20-21C711BCDF68}.Debug|Mixed Platforms.Deploy.0 = Debug|Any CPU
		{3FA09560-E4F7-4EA3-9E20-21C711BCDF68}.Debug|x86.ActiveCfg = Debug|Any CPU
		{3FA09560-E4F7-4EA3-9E20-21C711BCDF68}.Release|Any CPU.ActiveCfg = Release|Any CPU
		{3FA09560-E4F7-4EA3-9E20-21C711BCDF68}.Release|Any CPU.Build.0 = Release|Any CPU
		{3FA09560-E4F7-4EA3-9E20-21C711BCDF68}.Release|Any CPU.Deploy.0 = Release|Any CPU
		{3FA09560-E4F7-4EA3-9E20-21C711BCDF68}.Release|Mixed Platforms.ActiveCfg = Release|Any CPU
		{3FA09560-E4F7-4EA3-9E20-21C711BCDF68}.Release|Mixed Platforms.Build.0 = Release|Any CPU
		{3FA09560-E4F7-4EA3-9E20-21C711BCDF68}.Release|Mixed Platforms.Deploy.0 = Release|Any CPU
		{3FA09560-E4F7-4EA3-9E20-21C711BCDF68}.Release|x86.ActiveCfg = Release|Any CPU
		{DE82E285-3DD3-45C9-B646-337B3AD045EF}.Debug|Any CPU.ActiveCfg = Debug|x86
		{DE82E285-3DD3-45C9-B646-337B3AD045EF}.Debug|Mixed Platforms.ActiveCfg = Debug|x86
		{DE82E285-3DD3-45C9-B646-337B3AD045EF}.Debug|Mixed Platforms.Build.0 = Debug|x86
		{DE82E285-3DD3-45C9-B646-337B3AD045EF}.Debug|x86.ActiveCfg = Debug|x86
		{DE82E285-3DD3-45C9-B646-337B3AD045EF}.Debug|x86.Build.0 = Debug|x86
		{DE82E285-3DD3-45C9-B646-337B3AD045EF}.Release|Any CPU.ActiveCfg = Release|x86
		{DE82E285-3DD3-45C9-B646-337B3AD045EF}.Release|Mixed Platforms.ActiveCfg = Release|x86
		{DE82E285-3DD3-45C9-B646-337B3AD045EF}.Release|Mixed Platforms.Build.0 = Release|x86
		{DE82E285-3DD3-45C9-B646-337B3AD045EF}.Release|x86.ActiveCfg = Release|x86
		{DE82E285-3DD3-45C9-B646-337B3AD045EF}.Release|x86.Build.0 = Release|x86
	EndGlobalSection
	GlobalSection(SolutionProperties) = preSolution
		HideSolutionNode = FALSE
	EndGlobalSection
EndGlobal
