
Microsoft Visual Studio Solution File, Format Version 11.00
# Visual Web Developer Express 2010
Project("{FAE04EC0-301F-11D3-BF4B-00C04F79EFBC}") = "WebApp", "WebApp\WebApp.csproj", "{DDFDACEA-8CAD-4131-B5AB-0457B9C526DF}"
EndProject
Global
	GlobalSection(SolutionConfigurationPlatforms) = preSolution
		Debug|Any CPU = Debug|Any CPU
		Release|Any CPU = Release|Any CPU
	EndGlobalSection
	GlobalSection(ProjectConfigurationPlatforms) = postSolution
		{DDFDACEA-8CAD-4131-B5AB-0457B9C526DF}.Debug|Any CPU.ActiveCfg = Debug|Any CPU
		{DDFDACEA-8CAD-4131-B5AB-0457B9C526DF}.Debug|Any CPU.Build.0 = Debug|Any CPU
		{DDFDACEA-8CAD-4131-B5AB-0457B9C526DF}.Release|Any CPU.ActiveCfg = Release|Any CPU
		{DDFDACEA-8CAD-4131-B5AB-0457B9C526DF}.Release|Any CPU.Build.0 = Release|Any CPU
	EndGlobalSection
	GlobalSection(SolutionProperties) = preSolution
		HideSolutionNode = FALSE
	EndGlobalSection
EndGlobal
